// !$*UTF8*$!
{
	archiveVersion = 1;
	classes = {
	};
	objectVersion = 46;
	objects = {

/* Begin PBXBuildFile section */
		36D2D20D1B608381008322E8 /* main.m in Sources */ = {isa = PBXBuildFile; fileRef = 36D2D20C1B608381008322E8 /* main.m */; };
		36D2D2101B608381008322E8 /* AppDelegate.m in Sources */ = {isa = PBXBuildFile; fileRef = 36D2D20F1B608381008322E8 /* AppDelegate.m */; };
		36D2D2121B608381008322E8 /* Images.xcassets in Resources */ = {isa = PBXBuildFile; fileRef = 36D2D2111B608381008322E8 /* Images.xcassets */; };
		36D2D2151B608381008322E8 /* LaunchScreen.xib in Resources */ = {isa = PBXBuildFile; fileRef = 36D2D2131B608381008322E8 /* LaunchScreen.xib */; };
		36D2D2211B608381008322E8 /* HypneNerdTests.m in Sources */ = {isa = PBXBuildFile; fileRef = 36D2D2201B608381008322E8 /* HypneNerdTests.m */; };
		36D2D22C1B6083B9008322E8 /* HypnosisView.m in Sources */ = {isa = PBXBuildFile; fileRef = 36D2D22B1B6083B9008322E8 /* HypnosisView.m */; };
		36D2D22F1B608404008322E8 /* HypnosisViewController.m in Sources */ = {isa = PBXBuildFile; fileRef = 36D2D22E1B608404008322E8 /* HypnosisViewController.m */; };
		36D2D2321B6089E6008322E8 /* ReminderViewController.m in Sources */ = {isa = PBXBuildFile; fileRef = 36D2D2311B6089E6008322E8 /* ReminderViewController.m */; };
		36D2D2341B608B46008322E8 /* ReminderViewController.xib in Resources */ = {isa = PBXBuildFile; fileRef = 36D2D2331B608B46008322E8 /* ReminderViewController.xib */; };
		36D2D2381B60C57E008322E8 /* QuizViewController.m in Sources */ = {isa = PBXBuildFile; fileRef = 36D2D2361B60C57E008322E8 /* QuizViewController.m */; };
		36D2D2391B60C57E008322E8 /* QuizViewController.xib in Resources */ = {isa = PBXBuildFile; fileRef = 36D2D2371B60C57E008322E8 /* QuizViewController.xib */; };
/* End PBXBuildFile section */

/* Begin PBXContainerItemProxy section */
		36D2D21B1B608381008322E8 /* PBXContainerItemProxy */ = {
			isa = PBXContainerItemProxy;
			containerPortal = 36D2D1FF1B608381008322E8 /* Project object */;
			proxyType = 1;
			remoteGlobalIDString = 36D2D2061B608381008322E8;
			remoteInfo = HypneNerd;
		};
/* End PBXContainerItemProxy section */

/* Begin PBXFileReference section */
		36D2D2071B608381008322E8 /* HypneNerd.app */ = {isa = PBXFileReference; explicitFileType = wrapper.application; includeInIndex = 0; path = HypneNerd.app; sourceTree = BUILT_PRODUCTS_DIR; };
		36D2D20B1B608381008322E8 /* Info.plist */ = {isa = PBXFileReference; lastKnownFileType = text.plist.xml; path = Info.plist; sourceTree = "<group>"; };
		36D2D20C1B608381008322E8 /* main.m */ = {isa = PBXFileReference; lastKnownFileType = sourcecode.c.objc; path = main.m; sourceTree = "<group>"; };
		36D2D20E1B608381008322E8 /* AppDelegate.h */ = {isa = PBXFileReference; lastKnownFileType = sourcecode.c.h; path = AppDelegate.h; sourceTree = "<group>"; };
		36D2D20F1B608381008322E8 /* AppDelegate.m */ = {isa = PBXFileReference; lastKnownFileType = sourcecode.c.objc; path = AppDelegate.m; sourceTree = "<group>"; };
		36D2D2111B608381008322E8 /* Images.xcassets */ = {isa = PBXFileReference; lastKnownFileType = folder.assetcatalog; path = Images.xcassets; sourceTree = "<group>"; };
		36D2D2141B608381008322E8 /* Base */ = {isa = PBXFileReference; lastKnownFileType = file.xib; name = Base; path = Base.lproj/LaunchScreen.xib; sourceTree = "<group>"; };
		36D2D21A1B608381008322E8 /* HypneNerdTests.xctest */ = {isa = PBXFileReference; explicitFileType = wrapper.cfbundle; includeInIndex = 0; path = HypneNerdTests.xctest; sourceTree = BUILT_PRODUCTS_DIR; };
		36D2D21F1B608381008322E8 /* Info.plist */ = {isa = PBXFileReference; lastKnownFileType = text.plist.xml; path = Info.plist; sourceTree = "<group>"; };
		36D2D2201B608381008322E8 /* HypneNerdTests.m */ = {isa = PBXFileReference; lastKnownFileType = sourcecode.c.objc; path = HypneNerdTests.m; sourceTree = "<group>"; };
		36D2D22A1B6083B9008322E8 /* HypnosisView.h */ = {isa = PBXFileReference; fileEncoding = 4; lastKnownFileType = sourcecode.c.h; path = HypnosisView.h; sourceTree = "<group>"; };
		36D2D22B1B6083B9008322E8 /* HypnosisView.m */ = {isa = PBXFileReference; fileEncoding = 4; lastKnownFileType = sourcecode.c.objc; path = HypnosisView.m; sourceTree = "<group>"; };
		36D2D22D1B608404008322E8 /* HypnosisViewController.h */ = {isa = PBXFileReference; fileEncoding = 4; lastKnownFileType = sourcecode.c.h; path = HypnosisViewController.h; sourceTree = "<group>"; };
		36D2D22E1B608404008322E8 /* HypnosisViewController.m */ = {isa = PBXFileReference; fileEncoding = 4; lastKnownFileType = sourcecode.c.objc; path = HypnosisViewController.m; sourceTree = "<group>"; };
		36D2D2301B6089E6008322E8 /* ReminderViewController.h */ = {isa = PBXFileReference; fileEncoding = 4; lastKnownFileType = sourcecode.c.h; path = ReminderViewController.h; sourceTree = "<group>"; };
		36D2D2311B6089E6008322E8 /* ReminderViewController.m */ = {isa = PBXFileReference; fileEncoding = 4; lastKnownFileType = sourcecode.c.objc; path = ReminderViewController.m; sourceTree = "<group>"; };
		36D2D2331B608B46008322E8 /* ReminderViewController.xib */ = {isa = PBXFileReference; fileEncoding = 4; lastKnownFileType = file.xib; path = ReminderViewController.xib; sourceTree = "<group>"; };
		36D2D2351B60C57E008322E8 /* QuizViewController.h */ = {isa = PBXFileReference; fileEncoding = 4; lastKnownFileType = sourcecode.c.h; path = QuizViewController.h; sourceTree = "<group>"; };
		36D2D2361B60C57E008322E8 /* QuizViewController.m */ = {isa = PBXFileReference; fileEncoding = 4; lastKnownFileType = sourcecode.c.objc; path = QuizViewController.m; sourceTree = "<group>"; };
		36D2D2371B60C57E008322E8 /* QuizViewController.xib */ = {isa = PBXFileReference; fileEncoding = 4; lastKnownFileType = file.xib; path = QuizViewController.xib; sourceTree = "<group>"; };
/* End PBXFileReference section */

/* Begin PBXFrameworksBuildPhase section */
		36D2D2041B608381008322E8 /* Frameworks */ = {
			isa = PBXFrameworksBuildPhase;
			buildActionMask = 2147483647;
			files = (
			);
			runOnlyForDeploymentPostprocessing = 0;
		};
		36D2D2171B608381008322E8 /* Frameworks */ = {
			isa = PBXFrameworksBuildPhase;
			buildActionMask = 2147483647;
			files = (
			);
			runOnlyForDeploymentPostprocessing = 0;
		};
/* End PBXFrameworksBuildPhase section */

/* Begin PBXGroup section */
		36D2D1FE1B608381008322E8 = {
			isa = PBXGroup;
			children = (
				36D2D2351B60C57E008322E8 /* QuizViewController.h */,
				36D2D2361B60C57E008322E8 /* QuizViewController.m */,
				36D2D2371B60C57E008322E8 /* QuizViewController.xib */,
				36D2D2301B6089E6008322E8 /* ReminderViewController.h */,
				36D2D2311B6089E6008322E8 /* ReminderViewController.m */,
				36D2D2331B608B46008322E8 /* ReminderViewController.xib */,
				36D2D22D1B608404008322E8 /* HypnosisViewController.h */,
				36D2D22E1B608404008322E8 /* HypnosisViewController.m */,
				36D2D22A1B6083B9008322E8 /* HypnosisView.h */,
				36D2D22B1B6083B9008322E8 /* HypnosisView.m */,
				36D2D2091B608381008322E8 /* HypneNerd */,
				36D2D21D1B608381008322E8 /* HypneNerdTests */,
				36D2D2081B608381008322E8 /* Products */,
			);
			sourceTree = "<group>";
		};
		36D2D2081B608381008322E8 /* Products */ = {
			isa = PBXGroup;
			children = (
				36D2D2071B608381008322E8 /* HypneNerd.app */,
				36D2D21A1B608381008322E8 /* HypneNerdTests.xctest */,
			);
			name = Products;
			sourceTree = "<group>";
		};
		36D2D2091B608381008322E8 /* HypneNerd */ = {
			isa = PBXGroup;
			children = (
				36D2D20E1B608381008322E8 /* AppDelegate.h */,
				36D2D20F1B608381008322E8 /* AppDelegate.m */,
				36D2D2111B608381008322E8 /* Images.xcassets */,
				36D2D2131B608381008322E8 /* LaunchScreen.xib */,
				36D2D20A1B608381008322E8 /* Supporting Files */,
			);
			path = HypneNerd;
			sourceTree = "<group>";
		};
		36D2D20A1B608381008322E8 /* Supporting Files */ = {
			isa = PBXGroup;
			children = (
				36D2D20B1B608381008322E8 /* Info.plist */,
				36D2D20C1B608381008322E8 /* main.m */,
			);
			name = "Supporting Files";
			sourceTree = "<group>";
		};
		36D2D21D1B608381008322E8 /* HypneNerdTests */ = {
			isa = PBXGroup;
			children = (
				36D2D2201B608381008322E8 /* HypneNerdTests.m */,
				36D2D21E1B608381008322E8 /* Supporting Files */,
			);
			path = HypneNerdTests;
			sourceTree = "<group>";
		};
		36D2D21E1B608381008322E8 /* Supporting Files */ = {
			isa = PBXGroup;
			children = (
				36D2D21F1B608381008322E8 /* Info.plist */,
			);
			name = "Supporting Files";
			sourceTree = "<group>";
		};
/* End PBXGroup section */

/* Begin PBXNativeTarget section */
		36D2D2061B608381008322E8 /* HypneNerd */ = {
			isa = PBXNativeTarget;
			buildConfigurationList = 36D2D2241B608381008322E8 /* Build configuration list for PBXNativeTarget "HypneNerd" */;
			buildPhases = (
				36D2D2031B608381008322E8 /* Sources */,
				36D2D2041B608381008322E8 /* Frameworks */,
				36D2D2051B608381008322E8 /* Resources */,
			);
			buildRules = (
			);
			dependencies = (
			);
			name = HypneNerd;
			productName = HypneNerd;
			productReference = 36D2D2071B608381008322E8 /* HypneNerd.app */;
			productType = "com.apple.product-type.application";
		};
		36D2D2191B608381008322E8 /* HypneNerdTests */ = {
			isa = PBXNativeTarget;
			buildConfigurationList = 36D2D2271B608381008322E8 /* Build configuration list for PBXNativeTarget "HypneNerdTests" */;
			buildPhases = (
				36D2D2161B608381008322E8 /* Sources */,
				36D2D2171B608381008322E8 /* Frameworks */,
				36D2D2181B608381008322E8 /* Resources */,
			);
			buildRules = (
			);
			dependencies = (
				36D2D21C1B608381008322E8 /* PBXTargetDependency */,
			);
			name = HypneNerdTests;
			productName = HypneNerdTests;
			productReference = 36D2D21A1B608381008322E8 /* HypneNerdTests.xctest */;
			productType = "com.apple.product-type.bundle.unit-test";
		};
/* End PBXNativeTarget section */

/* Begin PBXProject section */
		36D2D1FF1B608381008322E8 /* Project object */ = {
			isa = PBXProject;
			attributes = {
				LastUpgradeCheck = 0640;
				ORGANIZATIONNAME = 7road;
				TargetAttributes = {
					36D2D2061B608381008322E8 = {
						CreatedOnToolsVersion = 6.4;
					};
					36D2D2191B608381008322E8 = {
						CreatedOnToolsVersion = 6.4;
						TestTargetID = 36D2D2061B608381008322E8;
					};
				};
			};
			buildConfigurationList = 36D2D2021B608381008322E8 /* Build configuration list for PBXProject "HypneNerd" */;
			compatibilityVersion = "Xcode 3.2";
			developmentRegion = English;
			hasScannedForEncodings = 0;
			knownRegions = (
				en,
				Base,
			);
			mainGroup = 36D2D1FE1B608381008322E8;
			productRefGroup = 36D2D2081B608381008322E8 /* Products */;
			projectDirPath = "";
			projectRoot = "";
			targets = (
				36D2D2061B608381008322E8 /* HypneNerd */,
				36D2D2191B608381008322E8 /* HypneNerdTests */,
			);
		};
/* End PBXProject section */

/* Begin PBXResourcesBuildPhase section */
		36D2D2051B608381008322E8 /* Resources */ = {
			isa = PBXResourcesBuildPhase;
			buildActionMask = 2147483647;
			files = (
				36D2D2151B608381008322E8 /* LaunchScreen.xib in Resources */,
				36D2D2341B608B46008322E8 /* ReminderViewController.xib in Resources */,
				36D2D2121B608381008322E8 /* Images.xcassets in Resources */,
				36D2D2391B60C57E008322E8 /* QuizViewController.xib in Resources */,
			);
			runOnlyForDeploymentPostprocessing = 0;
		};
		36D2D2181B608381008322E8 /* Resources */ = {
			isa = PBXResourcesBuildPhase;
			buildActionMask = 2147483647;
			files = (
			);
			runOnlyForDeploymentPostprocessing = 0;
		};
/* End PBXResourcesBuildPhase section */

/* Begin PBXSourcesBuildPhase section */
		36D2D2031B608381008322E8 /* Sources */ = {
			isa = PBXSourcesBuildPhase;
			buildActionMask = 2147483647;
			files = (
				36D2D2101B608381008322E8 /* AppDelegate.m in Sources */,
				36D2D20D1B608381008322E8 /* main.m in Sources */,
				36D2D22C1B6083B9008322E8 /* HypnosisView.m in Sources */,
				36D2D22F1B608404008322E8 /* HypnosisViewController.m in Sources */,
				36D2D2321B6089E6008322E8 /* ReminderViewController.m in Sources */,
				36D2D2381B60C57E008322E8 /* QuizViewController.m in Sources */,
			);
			runOnlyForDeploymentPostprocessing = 0;
		};
		36D2D2161B608381008322E8 /* Sources */ = {
			isa = PBXSourcesBuildPhase;
			buildActionMask = 2147483647;
			files = (
				36D2D2211B608381008322E8 /* HypneNerdTests.m in Sources */,
			);
			runOnlyForDeploymentPostprocessing = 0;
		};
/* End PBXSourcesBuildPhase section */

/* Begin PBXTargetDependency section */
		36D2D21C1B608381008322E8 /* PBXTargetDependency */ = {
			isa = PBXTargetDependency;
			target = 36D2D2061B608381008322E8 /* HypneNerd */;
			targetProxy = 36D2D21B1B608381008322E8 /* PBXContainerItemProxy */;
		};
/* End PBXTargetDependency section */

/* Begin PBXVariantGroup section */
		36D2D2131B608381008322E8 /* LaunchScreen.xib */ = {
			isa = PBXVariantGroup;
			children = (
				36D2D2141B608381008322E8 /* Base */,
			);
			name = LaunchScreen.xib;
			sourceTree = "<group>";
		};
/* End PBXVariantGroup section */

/* Begin XCBuildConfiguration section */
		36D2D2221B608381008322E8 /* Debug */ = {
			isa = XCBuildConfiguration;
			buildSettings = {
				ALWAYS_SEARCH_USER_PATHS = NO;
				CLANG_CXX_LANGUAGE_STANDARD = "gnu++0x";
				CLANG_CXX_LIBRARY = "libc++";
				CLANG_ENABLE_MODULES = YES;
				CLANG_ENABLE_OBJC_ARC = YES;
				CLANG_WARN_BOOL_CONVERSION = YES;
				CLANG_WARN_CONSTANT_CONVERSION = YES;
				CLANG_WARN_DIRECT_OBJC_ISA_USAGE = YES_ERROR;
				CLANG_WARN_EMPTY_BODY = YES;
				CLANG_WARN_ENUM_CONVERSION = YES;
				CLANG_WARN_INT_CONVERSION = YES;
				CLANG_WARN_OBJC_ROOT_CLASS = YES_ERROR;
				CLANG_WARN_UNREACHABLE_CODE = YES;
				CLANG_WARN__DUPLICATE_METHOD_MATCH = YES;
				"CODE_SIGN_IDENTITY[sdk=iphoneos*]" = "iPhone Developer";
				COPY_PHASE_STRIP = NO;
				DEBUG_INFORMATION_FORMAT = "dwarf-with-dsym";
				ENABLE_STRICT_OBJC_MSGSEND = YES;
				GCC_C_LANGUAGE_STANDARD = gnu99;
				GCC_DYNAMIC_NO_PIC = NO;
				GCC_NO_COMMON_BLOCKS = YES;
				GCC_OPTIMIZATION_LEVEL = 0;
				GCC_PREPROCESSOR_DEFINITIONS = (
					"DEBUG=1",
					"$(inherited)",
				);
				GCC_SYMBOLS_PRIVATE_EXTERN = NO;
				GCC_WARN_64_TO_32_BIT_CONVERSION = YES;
				GCC_WARN_ABOUT_RETURN_TYPE = YES_ERROR;
				GCC_WARN_UNDECLARED_SELECTOR = YES;
				GCC_WARN_UNINITIALIZED_AUTOS = YES_AGGRESSIVE;
				GCC_WARN_UNUSED_FUNCTION = YES;
				GCC_WARN_UNUSED_VARIABLE = YES;
				IPHONEOS_DEPLOYMENT_TARGET = 8.4;
				MTL_ENABLE_DEBUG_INFO = YES;
				ONLY_ACTIVE_ARCH = YES;
				SDKROOT = iphoneos;
				TARGETED_DEVICE_FAMILY = "1,2";
			};
			name = Debug;
		};
		36D2D2231B608381008322E8 /* Release */ = {
			isa = XCBuildConfiguration;
			buildSettings = {
				ALWAYS_SEARCH_USER_PATHS = NO;
				CLANG_CXX_LANGUAGE_STANDARD = "gnu++0x";
				CLANG_CXX_LIBRARY = "libc++";
				CLANG_ENABLE_MODULES = YES;
				CLANG_ENABLE_OBJC_ARC = YES;
				CLANG_WARN_BOOL_CONVERSION = YES;
				CLANG_WARN_CONSTANT_CONVERSION = YES;
				CLANG_WARN_DIRECT_OBJC_ISA_USAGE = YES_ERROR;
				CLANG_WARN_EMPTY_BODY = YES;
				CLANG_WARN_ENUM_CONVERSION = YES;
				CLANG_WARN_INT_CONVERSION = YES;
				CLANG_WARN_OBJC_ROOT_CLASS = YES_ERROR;
				CLANG_WARN_UNREACHABLE_CODE = YES;
				CLANG_WARN__DUPLICATE_METHOD_MATCH = YES;
				"CODE_SIGN_IDENTITY[sdk=iphoneos*]" = "iPhone Developer";
				COPY_PHASE_STRIP = NO;
				DEBUG_INFORMATION_FORMAT = "dwarf-with-dsym";
				ENABLE_NS_ASSERTIONS = NO;
				ENABLE_STRICT_OBJC_MSGSEND = YES;
				GCC_C_LANGUAGE_STANDARD = gnu99;
				GCC_NO_COMMON_BLOCKS = YES;
				GCC_WARN_64_TO_32_BIT_CONVERSION = YES;
				GCC_WARN_ABOUT_RETURN_TYPE = YES_ERROR;
				GCC_WARN_UNDECLARED_SELECTOR = YES;
				GCC_WARN_UNINITIALIZED_AUTOS = YES_AGGRESSIVE;
				GCC_WARN_UNUSED_FUNCTION = YES;
				GCC_WARN_UNUSED_VARIABLE = YES;
				IPHONEOS_DEPLOYMENT_TARGET = 8.4;
				MTL_ENABLE_DEBUG_INFO = NO;
				SDKROOT = iphoneos;
				TARGETED_DEVICE_FAMILY = "1,2";
				VALIDATE_PRODUCT = YES;
			};
			name = Release;
		};
		36D2D2251B608381008322E8 /* Debug */ = {
			isa = XCBuildConfiguration;
			buildSettings = {
				ASSETCATALOG_COMPILER_APPICON_NAME = AppIcon;
				CODE_SIGN_IDENTITY = "iPhone Developer";
				INFOPLIST_FILE = HypneNerd/Info.plist;
				IPHONEOS_DEPLOYMENT_TARGET = 9.0;
				LD_RUNPATH_SEARCH_PATHS = "$(inherited) @executable_path/Frameworks";
				PRODUCT_NAME = "$(TARGET_NAME)";
				PROVISIONING_PROFILE = "c8de1083-e458-4fe9-afc3-db19134d7fbb";
			};
			name = Debug;
		};
		36D2D2261B608381008322E8 /* Release */ = {
			isa = XCBuildConfiguration;
			buildSettings = {
				ASSETCATALOG_COMPILER_APPICON_NAME = AppIcon;
				CODE_SIGN_IDENTITY = "iPhone Developer";
				INFOPLIST_FILE = HypneNerd/Info.plist;
				IPHONEOS_DEPLOYMENT_TARGET = 9.0;
				LD_RUNPATH_SEARCH_PATHS = "$(inherited) @executable_path/Frameworks";
				PRODUCT_NAME = "$(TARGET_NAME)";
				PROVISIONING_PROFILE = "c8de1083-e458-4fe9-afc3-db19134d7fbb";
			};
			name = Release;
		};
		36D2D2281B608381008322E8 /* Debug */ = {
			isa = XCBuildConfiguration;
			buildSettings = {
				BUNDLE_LOADER = "$(TEST_HOST)";
				FRAMEWORK_SEARCH_PATHS = (
					"$(SDKROOT)/Developer/Library/Frameworks",
					"$(inherited)",
				);
				GCC_PREPROCESSOR_DEFINITIONS = (
					"DEBUG=1",
					"$(inherited)",
				);
				INFOPLIST_FILE = HypneNerdTests/Info.plist;
				LD_RUNPATH_SEARCH_PATHS = "$(inherited) @executable_path/Frameworks @loader_path/Frameworks";
				PRODUCT_NAME = "$(TARGET_NAME)";
				TEST_HOST = "$(BUILT_PRODUCTS_DIR)/HypneNerd.app/HypneNerd";
			};
			name = Debug;
		};
		36D2D2291B608381008322E8 /* Release */ = {
			isa = XCBuildConfiguration;
			buildSettings = {
				BUNDLE_LOADER = "$(TEST_HOST)";
				FRAMEWORK_SEARCH_PATHS = (
					"$(SDKROOT)/Developer/Library/Frameworks",
					"$(inherited)",
				);
				INFOPLIST_FILE = HypneNerdTests/Info.plist;
				LD_RUNPATH_SEARCH_PATHS = "$(inherited) @executable_path/Frameworks @loader_path/Frameworks";
				PRODUCT_NAME = "$(TARGET_NAME)";
				TEST_HOST = "$(BUILT_PRODUCTS_DIR)/HypneNerd.app/HypneNerd";
			};
			name = Release;
		};
/* End XCBuildConfiguration section */

/* Begin XCConfigurationList section */
		36D2D2021B608381008322E8 /* Build configuration list for PBXProject "HypneNerd" */ = {
			isa = XCConfigurationList;
			buildConfigurations = (
				36D2D2221B608381008322E8 /* Debug */,
				36D2D2231B608381008322E8 /* Release */,
			);
			defaultConfigurationIsVisible = 0;
			defaultConfigurationName = Release;
		};
		36D2D2241B608381008322E8 /* Build configuration list for PBXNativeTarget "HypneNerd" */ = {
			isa = XCConfigurationList;
			buildConfigurations = (
				36D2D2251B608381008322E8 /* Debug */,
				36D2D2261B608381008322E8 /* Release */,
			);
			defaultConfigurationIsVisible = 0;
			defaultConfigurationName = Release;
		};
		36D2D2271B608381008322E8 /* Build configuration list for PBXNativeTarget "HypneNerdTests" */ = {
			isa = XCConfigurationList;
			buildConfigurations = (
				36D2D2281B608381008322E8 /* Debug */,
				36D2D2291B608381008322E8 /* Release */,
			);
			defaultConfigurationIsVisible = 0;
			defaultConfigurationName = Release;
		};
/* End XCConfigurationList section */
	};
	rootObject = 36D2D1FF1B608381008322E8 /* Project object */;
}
