// !$*UTF8*$!
{
	archiveVersion = 1;
	classes = {
	};
	objectVersion = 46;
	objects = {

/* Begin PBXBuildFile section */
		368FB1D31BF4482000351ADC /* main.m in Sources */ = {isa = PBXBuildFile; fileRef = 368FB1D21BF4482000351ADC /* main.m */; };
		368FB1D61BF4482000351ADC /* AppDelegate.m in Sources */ = {isa = PBXBuildFile; fileRef = 368FB1D51BF4482000351ADC /* AppDelegate.m */; };
		368FB1D91BF4482000351ADC /* ViewController.m in Sources */ = {isa = PBXBuildFile; fileRef = 368FB1D81BF4482000351ADC /* ViewController.m */; };
		368FB1DC1BF4482000351ADC /* Main.storyboard in Resources */ = {isa = PBXBuildFile; fileRef = 368FB1DA1BF4482000351ADC /* Main.storyboard */; };
		368FB1DE1BF4482000351ADC /* Assets.xcassets in Resources */ = {isa = PBXBuildFile; fileRef = 368FB1DD1BF4482000351ADC /* Assets.xcassets */; };
		368FB1E11BF4482000351ADC /* LaunchScreen.storyboard in Resources */ = {isa = PBXBuildFile; fileRef = 368FB1DF1BF4482000351ADC /* LaunchScreen.storyboard */; };
		368FB1EC1BF4482100351ADC /* ZYXAnimation3DTests.m in Sources */ = {isa = PBXBuildFile; fileRef = 368FB1EB1BF4482100351ADC /* ZYXAnimation3DTests.m */; };
		368FB1F71BF4482100351ADC /* ZYXAnimation3DUITests.m in Sources */ = {isa = PBXBuildFile; fileRef = 368FB1F61BF4482100351ADC /* ZYXAnimation3DUITests.m */; };
/* End PBXBuildFile section */

/* Begin PBXContainerItemProxy section */
		368FB1E81BF4482100351ADC /* PBXContainerItemProxy */ = {
			isa = PBXContainerItemProxy;
			containerPortal = 368FB1C61BF4482000351ADC /* Project object */;
			proxyType = 1;
			remoteGlobalIDString = 368FB1CD1BF4482000351ADC;
			remoteInfo = ZYXAnimation3D;
		};
		368FB1F31BF4482100351ADC /* PBXContainerItemProxy */ = {
			isa = PBXContainerItemProxy;
			containerPortal = 368FB1C61BF4482000351ADC /* Project object */;
			proxyType = 1;
			remoteGlobalIDString = 368FB1CD1BF4482000351ADC;
			remoteInfo = ZYXAnimation3D;
		};
/* End PBXContainerItemProxy section */

/* Begin PBXFileReference section */
		368FB1CE1BF4482000351ADC /* ZYXAnimation3D.app */ = {isa = PBXFileReference; explicitFileType = wrapper.application; includeInIndex = 0; path = ZYXAnimation3D.app; sourceTree = BUILT_PRODUCTS_DIR; };
		368FB1D21BF4482000351ADC /* main.m */ = {isa = PBXFileReference; lastKnownFileType = sourcecode.c.objc; path = main.m; sourceTree = "<group>"; };
		368FB1D41BF4482000351ADC /* AppDelegate.h */ = {isa = PBXFileReference; lastKnownFileType = sourcecode.c.h; path = AppDelegate.h; sourceTree = "<group>"; };
		368FB1D51BF4482000351ADC /* AppDelegate.m */ = {isa = PBXFileReference; lastKnownFileType = sourcecode.c.objc; path = AppDelegate.m; sourceTree = "<group>"; };
		368FB1D71BF4482000351ADC /* ViewController.h */ = {isa = PBXFileReference; lastKnownFileType = sourcecode.c.h; path = ViewController.h; sourceTree = "<group>"; };
		368FB1D81BF4482000351ADC /* ViewController.m */ = {isa = PBXFileReference; lastKnownFileType = sourcecode.c.objc; path = ViewController.m; sourceTree = "<group>"; };
		368FB1DB1BF4482000351ADC /* Base */ = {isa = PBXFileReference; lastKnownFileType = file.storyboard; name = Base; path = Base.lproj/Main.storyboard; sourceTree = "<group>"; };
		368FB1DD1BF4482000351ADC /* Assets.xcassets */ = {isa = PBXFileReference; lastKnownFileType = folder.assetcatalog; path = Assets.xcassets; sourceTree = "<group>"; };
		368FB1E01BF4482000351ADC /* Base */ = {isa = PBXFileReference; lastKnownFileType = file.storyboard; name = Base; path = Base.lproj/LaunchScreen.storyboard; sourceTree = "<group>"; };
		368FB1E21BF4482000351ADC /* Info.plist */ = {isa = PBXFileReference; lastKnownFileType = text.plist.xml; path = Info.plist; sourceTree = "<group>"; };
		368FB1E71BF4482100351ADC /* ZYXAnimation3DTests.xctest */ = {isa = PBXFileReference; explicitFileType = wrapper.cfbundle; includeInIndex = 0; path = ZYXAnimation3DTests.xctest; sourceTree = BUILT_PRODUCTS_DIR; };
		368FB1EB1BF4482100351ADC /* ZYXAnimation3DTests.m */ = {isa = PBXFileReference; lastKnownFileType = sourcecode.c.objc; path = ZYXAnimation3DTests.m; sourceTree = "<group>"; };
		368FB1ED1BF4482100351ADC /* Info.plist */ = {isa = PBXFileReference; lastKnownFileType = text.plist.xml; path = Info.plist; sourceTree = "<group>"; };
		368FB1F21BF4482100351ADC /* ZYXAnimation3DUITests.xctest */ = {isa = PBXFileReference; explicitFileType = wrapper.cfbundle; includeInIndex = 0; path = ZYXAnimation3DUITests.xctest; sourceTree = BUILT_PRODUCTS_DIR; };
		368FB1F61BF4482100351ADC /* ZYXAnimation3DUITests.m */ = {isa = PBXFileReference; lastKnownFileType = sourcecode.c.objc; path = ZYXAnimation3DUITests.m; sourceTree = "<group>"; };
		368FB1F81BF4482100351ADC /* Info.plist */ = {isa = PBXFileReference; lastKnownFileType = text.plist.xml; path = Info.plist; sourceTree = "<group>"; };
/* End PBXFileReference section */

/* Begin PBXFrameworksBuildPhase section */
		368FB1CB1BF4482000351ADC /* Frameworks */ = {
			isa = PBXFrameworksBuildPhase;
			buildActionMask = 2147483647;
			files = (
			);
			runOnlyForDeploymentPostprocessing = 0;
		};
		368FB1E41BF4482100351ADC /* Frameworks */ = {
			isa = PBXFrameworksBuildPhase;
			buildActionMask = 2147483647;
			files = (
			);
			runOnlyForDeploymentPostprocessing = 0;
		};
		368FB1EF1BF4482100351ADC /* Frameworks */ = {
			isa = PBXFrameworksBuildPhase;
			buildActionMask = 2147483647;
			files = (
			);
			runOnlyForDeploymentPostprocessing = 0;
		};
/* End PBXFrameworksBuildPhase section */

/* Begin PBXGroup section */
		368FB1C51BF4482000351ADC = {
			isa = PBXGroup;
			children = (
				368FB1D01BF4482000351ADC /* ZYXAnimation3D */,
				368FB1EA1BF4482100351ADC /* ZYXAnimation3DTests */,
				368FB1F51BF4482100351ADC /* ZYXAnimation3DUITests */,
				368FB1CF1BF4482000351ADC /* Products */,
			);
			sourceTree = "<group>";
		};
		368FB1CF1BF4482000351ADC /* Products */ = {
			isa = PBXGroup;
			children = (
				368FB1CE1BF4482000351ADC /* ZYXAnimation3D.app */,
				368FB1E71BF4482100351ADC /* ZYXAnimation3DTests.xctest */,
				368FB1F21BF4482100351ADC /* ZYXAnimation3DUITests.xctest */,
			);
			name = Products;
			sourceTree = "<group>";
		};
		368FB1D01BF4482000351ADC /* ZYXAnimation3D */ = {
			isa = PBXGroup;
			children = (
				368FB1D41BF4482000351ADC /* AppDelegate.h */,
				368FB1D51BF4482000351ADC /* AppDelegate.m */,
				368FB1D71BF4482000351ADC /* ViewController.h */,
				368FB1D81BF4482000351ADC /* ViewController.m */,
				368FB1DA1BF4482000351ADC /* Main.storyboard */,
				368FB1DD1BF4482000351ADC /* Assets.xcassets */,
				368FB1DF1BF4482000351ADC /* LaunchScreen.storyboard */,
				368FB1E21BF4482000351ADC /* Info.plist */,
				368FB1D11BF4482000351ADC /* Supporting Files */,
			);
			path = ZYXAnimation3D;
			sourceTree = "<group>";
		};
		368FB1D11BF4482000351ADC /* Supporting Files */ = {
			isa = PBXGroup;
			children = (
				368FB1D21BF4482000351ADC /* main.m */,
			);
			name = "Supporting Files";
			sourceTree = "<group>";
		};
		368FB1EA1BF4482100351ADC /* ZYXAnimation3DTests */ = {
			isa = PBXGroup;
			children = (
				368FB1EB1BF4482100351ADC /* ZYXAnimation3DTests.m */,
				368FB1ED1BF4482100351ADC /* Info.plist */,
			);
			path = ZYXAnimation3DTests;
			sourceTree = "<group>";
		};
		368FB1F51BF4482100351ADC /* ZYXAnimation3DUITests */ = {
			isa = PBXGroup;
			children = (
				368FB1F61BF4482100351ADC /* ZYXAnimation3DUITests.m */,
				368FB1F81BF4482100351ADC /* Info.plist */,
			);
			path = ZYXAnimation3DUITests;
			sourceTree = "<group>";
		};
/* End PBXGroup section */

/* Begin PBXNativeTarget section */
		368FB1CD1BF4482000351ADC /* ZYXAnimation3D */ = {
			isa = PBXNativeTarget;
			buildConfigurationList = 368FB1FB1BF4482100351ADC /* Build configuration list for PBXNativeTarget "ZYXAnimation3D" */;
			buildPhases = (
				368FB1CA1BF4482000351ADC /* Sources */,
				368FB1CB1BF4482000351ADC /* Frameworks */,
				368FB1CC1BF4482000351ADC /* Resources */,
			);
			buildRules = (
			);
			dependencies = (
			);
			name = ZYXAnimation3D;
			productName = ZYXAnimation3D;
			productReference = 368FB1CE1BF4482000351ADC /* ZYXAnimation3D.app */;
			productType = "com.apple.product-type.application";
		};
		368FB1E61BF4482100351ADC /* ZYXAnimation3DTests */ = {
			isa = PBXNativeTarget;
			buildConfigurationList = 368FB1FE1BF4482100351ADC /* Build configuration list for PBXNativeTarget "ZYXAnimation3DTests" */;
			buildPhases = (
				368FB1E31BF4482100351ADC /* Sources */,
				368FB1E41BF4482100351ADC /* Frameworks */,
				368FB1E51BF4482100351ADC /* Resources */,
			);
			buildRules = (
			);
			dependencies = (
				368FB1E91BF4482100351ADC /* PBXTargetDependency */,
			);
			name = ZYXAnimation3DTests;
			productName = ZYXAnimation3DTests;
			productReference = 368FB1E71BF4482100351ADC /* ZYXAnimation3DTests.xctest */;
			productType = "com.apple.product-type.bundle.unit-test";
		};
		368FB1F11BF4482100351ADC /* ZYXAnimation3DUITests */ = {
			isa = PBXNativeTarget;
			buildConfigurationList = 368FB2011BF4482100351ADC /* Build configuration list for PBXNativeTarget "ZYXAnimation3DUITests" */;
			buildPhases = (
				368FB1EE1BF4482100351ADC /* Sources */,
				368FB1EF1BF4482100351ADC /* Frameworks */,
				368FB1F01BF4482100351ADC /* Resources */,
			);
			buildRules = (
			);
			dependencies = (
				368FB1F41BF4482100351ADC /* PBXTargetDependency */,
			);
			name = ZYXAnimation3DUITests;
			productName = ZYXAnimation3DUITests;
			productReference = 368FB1F21BF4482100351ADC /* ZYXAnimation3DUITests.xctest */;
			productType = "com.apple.product-type.bundle.ui-testing";
		};
/* End PBXNativeTarget section */

/* Begin PBXProject section */
		368FB1C61BF4482000351ADC /* Project object */ = {
			isa = PBXProject;
			attributes = {
				LastUpgradeCheck = 0710;
				ORGANIZATIONNAME = zhuo;
				TargetAttributes = {
					368FB1CD1BF4482000351ADC = {
						CreatedOnToolsVersion = 7.1.1;
					};
					368FB1E61BF4482100351ADC = {
						CreatedOnToolsVersion = 7.1.1;
						TestTargetID = 368FB1CD1BF4482000351ADC;
					};
					368FB1F11BF4482100351ADC = {
						CreatedOnToolsVersion = 7.1.1;
						TestTargetID = 368FB1CD1BF4482000351ADC;
					};
				};
			};
			buildConfigurationList = 368FB1C91BF4482000351ADC /* Build configuration list for PBXProject "ZYXAnimation3D" */;
			compatibilityVersion = "Xcode 3.2";
			developmentRegion = English;
			hasScannedForEncodings = 0;
			knownRegions = (
				en,
				Base,
			);
			mainGroup = 368FB1C51BF4482000351ADC;
			productRefGroup = 368FB1CF1BF4482000351ADC /* Products */;
			projectDirPath = "";
			projectRoot = "";
			targets = (
				368FB1CD1BF4482000351ADC /* ZYXAnimation3D */,
				368FB1E61BF4482100351ADC /* ZYXAnimation3DTests */,
				368FB1F11BF4482100351ADC /* ZYXAnimation3DUITests */,
			);
		};
/* End PBXProject section */

/* Begin PBXResourcesBuildPhase section */
		368FB1CC1BF4482000351ADC /* Resources */ = {
			isa = PBXResourcesBuildPhase;
			buildActionMask = 2147483647;
			files = (
				368FB1E11BF4482000351ADC /* LaunchScreen.storyboard in Resources */,
				368FB1DE1BF4482000351ADC /* Assets.xcassets in Resources */,
				368FB1DC1BF4482000351ADC /* Main.storyboard in Resources */,
			);
			runOnlyForDeploymentPostprocessing = 0;
		};
		368FB1E51BF4482100351ADC /* Resources */ = {
			isa = PBXResourcesBuildPhase;
			buildActionMask = 2147483647;
			files = (
			);
			runOnlyForDeploymentPostprocessing = 0;
		};
		368FB1F01BF4482100351ADC /* Resources */ = {
			isa = PBXResourcesBuildPhase;
			buildActionMask = 2147483647;
			files = (
			);
			runOnlyForDeploymentPostprocessing = 0;
		};
/* End PBXResourcesBuildPhase section */

/* Begin PBXSourcesBuildPhase section */
		368FB1CA1BF4482000351ADC /* Sources */ = {
			isa = PBXSourcesBuildPhase;
			buildActionMask = 2147483647;
			files = (
				368FB1D91BF4482000351ADC /* ViewController.m in Sources */,
				368FB1D61BF4482000351ADC /* AppDelegate.m in Sources */,
				368FB1D31BF4482000351ADC /* main.m in Sources */,
			);
			runOnlyForDeploymentPostprocessing = 0;
		};
		368FB1E31BF4482100351ADC /* Sources */ = {
			isa = PBXSourcesBuildPhase;
			buildActionMask = 2147483647;
			files = (
				368FB1EC1BF4482100351ADC /* ZYXAnimation3DTests.m in Sources */,
			);
			runOnlyForDeploymentPostprocessing = 0;
		};
		368FB1EE1BF4482100351ADC /* Sources */ = {
			isa = PBXSourcesBuildPhase;
			buildActionMask = 2147483647;
			files = (
				368FB1F71BF4482100351ADC /* ZYXAnimation3DUITests.m in Sources */,
			);
			runOnlyForDeploymentPostprocessing = 0;
		};
/* End PBXSourcesBuildPhase section */

/* Begin PBXTargetDependency section */
		368FB1E91BF4482100351ADC /* PBXTargetDependency */ = {
			isa = PBXTargetDependency;
			target = 368FB1CD1BF4482000351ADC /* ZYXAnimation3D */;
			targetProxy = 368FB1E81BF4482100351ADC /* PBXContainerItemProxy */;
		};
		368FB1F41BF4482100351ADC /* PBXTargetDependency */ = {
			isa = PBXTargetDependency;
			target = 368FB1CD1BF4482000351ADC /* ZYXAnimation3D */;
			targetProxy = 368FB1F31BF4482100351ADC /* PBXContainerItemProxy */;
		};
/* End PBXTargetDependency section */

/* Begin PBXVariantGroup section */
		368FB1DA1BF4482000351ADC /* Main.storyboard */ = {
			isa = PBXVariantGroup;
			children = (
				368FB1DB1BF4482000351ADC /* Base */,
			);
			name = Main.storyboard;
			sourceTree = "<group>";
		};
		368FB1DF1BF4482000351ADC /* LaunchScreen.storyboard */ = {
			isa = PBXVariantGroup;
			children = (
				368FB1E01BF4482000351ADC /* Base */,
			);
			name = LaunchScreen.storyboard;
			sourceTree = "<group>";
		};
/* End PBXVariantGroup section */

/* Begin XCBuildConfiguration section */
		368FB1F91BF4482100351ADC /* Debug */ = {
			isa = XCBuildConfiguration;
			buildSettings = {
				ALWAYS_SEARCH_USER_PATHS = NO;
				CLANG_CXX_LANGUAGE_STANDARD = "gnu++0x";
				CLANG_CXX_LIBRARY = "libc++";
				CLANG_ENABLE_MODULES = YES;
				CLANG_ENABLE_OBJC_ARC = YES;
				CLANG_WARN_BOOL_CONVERSION = YES;
				CLANG_WARN_CONSTANT_CONVERSION = YES;
				CLANG_WARN_DIRECT_OBJC_ISA_USAGE = YES_ERROR;
				CLANG_WARN_EMPTY_BODY = YES;
				CLANG_WARN_ENUM_CONVERSION = YES;
				CLANG_WARN_INT_CONVERSION = YES;
				CLANG_WARN_OBJC_ROOT_CLASS = YES_ERROR;
				CLANG_WARN_UNREACHABLE_CODE = YES;
				CLANG_WARN__DUPLICATE_METHOD_MATCH = YES;
				"CODE_SIGN_IDENTITY[sdk=iphoneos*]" = "iPhone Developer";
				COPY_PHASE_STRIP = NO;
				DEBUG_INFORMATION_FORMAT = dwarf;
				ENABLE_STRICT_OBJC_MSGSEND = YES;
				ENABLE_TESTABILITY = YES;
				GCC_C_LANGUAGE_STANDARD = gnu99;
				GCC_DYNAMIC_NO_PIC = NO;
				GCC_NO_COMMON_BLOCKS = YES;
				GCC_OPTIMIZATION_LEVEL = 0;
				GCC_PREPROCESSOR_DEFINITIONS = (
					"DEBUG=1",
					"$(inherited)",
				);
				GCC_WARN_64_TO_32_BIT_CONVERSION = YES;
				GCC_WARN_ABOUT_RETURN_TYPE = YES_ERROR;
				GCC_WARN_UNDECLARED_SELECTOR = YES;
				GCC_WARN_UNINITIALIZED_AUTOS = YES_AGGRESSIVE;
				GCC_WARN_UNUSED_FUNCTION = YES;
				GCC_WARN_UNUSED_VARIABLE = YES;
				IPHONEOS_DEPLOYMENT_TARGET = 9.1;
				MTL_ENABLE_DEBUG_INFO = YES;
				ONLY_ACTIVE_ARCH = YES;
				SDKROOT = iphoneos;
			};
			name = Debug;
		};
		368FB1FA1BF4482100351ADC /* Release */ = {
			isa = XCBuildConfiguration;
			buildSettings = {
				ALWAYS_SEARCH_USER_PATHS = NO;
				CLANG_CXX_LANGUAGE_STANDARD = "gnu++0x";
				CLANG_CXX_LIBRARY = "libc++";
				CLANG_ENABLE_MODULES = YES;
				CLANG_ENABLE_OBJC_ARC = YES;
				CLANG_WARN_BOOL_CONVERSION = YES;
				CLANG_WARN_CONSTANT_CONVERSION = YES;
				CLANG_WARN_DIRECT_OBJC_ISA_USAGE = YES_ERROR;
				CLANG_WARN_EMPTY_BODY = YES;
				CLANG_WARN_ENUM_CONVERSION = YES;
				CLANG_WARN_INT_CONVERSION = YES;
				CLANG_WARN_OBJC_ROOT_CLASS = YES_ERROR;
				CLANG_WARN_UNREACHABLE_CODE = YES;
				CLANG_WARN__DUPLICATE_METHOD_MATCH = YES;
				"CODE_SIGN_IDENTITY[sdk=iphoneos*]" = "iPhone Developer";
				COPY_PHASE_STRIP = NO;
				DEBUG_INFORMATION_FORMAT = "dwarf-with-dsym";
				ENABLE_NS_ASSERTIONS = NO;
				ENABLE_STRICT_OBJC_MSGSEND = YES;
				GCC_C_LANGUAGE_STANDARD = gnu99;
				GCC_NO_COMMON_BLOCKS = YES;
				GCC_WARN_64_TO_32_BIT_CONVERSION = YES;
				GCC_WARN_ABOUT_RETURN_TYPE = YES_ERROR;
				GCC_WARN_UNDECLARED_SELECTOR = YES;
				GCC_WARN_UNINITIALIZED_AUTOS = YES_AGGRESSIVE;
				GCC_WARN_UNUSED_FUNCTION = YES;
				GCC_WARN_UNUSED_VARIABLE = YES;
				IPHONEOS_DEPLOYMENT_TARGET = 9.1;
				MTL_ENABLE_DEBUG_INFO = NO;
				SDKROOT = iphoneos;
				VALIDATE_PRODUCT = YES;
			};
			name = Release;
		};
		368FB1FC1BF4482100351ADC /* Debug */ = {
			isa = XCBuildConfiguration;
			buildSettings = {
				ASSETCATALOG_COMPILER_APPICON_NAME = AppIcon;
				INFOPLIST_FILE = ZYXAnimation3D/Info.plist;
				LD_RUNPATH_SEARCH_PATHS = "$(inherited) @executable_path/Frameworks";
				PRODUCT_BUNDLE_IDENTIFIER = com.zhuo.ZYXAnimation3D;
				PRODUCT_NAME = "$(TARGET_NAME)";
			};
			name = Debug;
		};
		368FB1FD1BF4482100351ADC /* Release */ = {
			isa = XCBuildConfiguration;
			buildSettings = {
				ASSETCATALOG_COMPILER_APPICON_NAME = AppIcon;
				INFOPLIST_FILE = ZYXAnimation3D/Info.plist;
				LD_RUNPATH_SEARCH_PATHS = "$(inherited) @executable_path/Frameworks";
				PRODUCT_BUNDLE_IDENTIFIER = com.zhuo.ZYXAnimation3D;
				PRODUCT_NAME = "$(TARGET_NAME)";
			};
			name = Release;
		};
		368FB1FF1BF4482100351ADC /* Debug */ = {
			isa = XCBuildConfiguration;
			buildSettings = {
				BUNDLE_LOADER = "$(TEST_HOST)";
				INFOPLIST_FILE = ZYXAnimation3DTests/Info.plist;
				LD_RUNPATH_SEARCH_PATHS = "$(inherited) @executable_path/Frameworks @loader_path/Frameworks";
				PRODUCT_BUNDLE_IDENTIFIER = com.zhuo.ZYXAnimation3DTests;
				PRODUCT_NAME = "$(TARGET_NAME)";
				TEST_HOST = "$(BUILT_PRODUCTS_DIR)/ZYXAnimation3D.app/ZYXAnimation3D";
			};
			name = Debug;
		};
		368FB2001BF4482100351ADC /* Release */ = {
			isa = XCBuildConfiguration;
			buildSettings = {
				BUNDLE_LOADER = "$(TEST_HOST)";
				INFOPLIST_FILE = ZYXAnimation3DTests/Info.plist;
				LD_RUNPATH_SEARCH_PATHS = "$(inherited) @executable_path/Frameworks @loader_path/Frameworks";
				PRODUCT_BUNDLE_IDENTIFIER = com.zhuo.ZYXAnimation3DTests;
				PRODUCT_NAME = "$(TARGET_NAME)";
				TEST_HOST = "$(BUILT_PRODUCTS_DIR)/ZYXAnimation3D.app/ZYXAnimation3D";
			};
			name = Release;
		};
		368FB2021BF4482100351ADC /* Debug */ = {
			isa = XCBuildConfiguration;
			buildSettings = {
				INFOPLIST_FILE = ZYXAnimation3DUITests/Info.plist;
				LD_RUNPATH_SEARCH_PATHS = "$(inherited) @executable_path/Frameworks @loader_path/Frameworks";
				PRODUCT_BUNDLE_IDENTIFIER = com.zhuo.ZYXAnimation3DUITests;
				PRODUCT_NAME = "$(TARGET_NAME)";
				TEST_TARGET_NAME = ZYXAnimation3D;
				USES_XCTRUNNER = YES;
			};
			name = Debug;
		};
		368FB2031BF4482100351ADC /* Release */ = {
			isa = XCBuildConfiguration;
			buildSettings = {
				INFOPLIST_FILE = ZYXAnimation3DUITests/Info.plist;
				LD_RUNPATH_SEARCH_PATHS = "$(inherited) @executable_path/Frameworks @loader_path/Frameworks";
				PRODUCT_BUNDLE_IDENTIFIER = com.zhuo.ZYXAnimation3DUITests;
				PRODUCT_NAME = "$(TARGET_NAME)";
				TEST_TARGET_NAME = ZYXAnimation3D;
				USES_XCTRUNNER = YES;
			};
			name = Release;
		};
/* End XCBuildConfiguration section */

/* Begin XCConfigurationList section */
		368FB1C91BF4482000351ADC /* Build configuration list for PBXProject "ZYXAnimation3D" */ = {
			isa = XCConfigurationList;
			buildConfigurations = (
				368FB1F91BF4482100351ADC /* Debug */,
				368FB1FA1BF4482100351ADC /* Release */,
			);
			defaultConfigurationIsVisible = 0;
			defaultConfigurationName = Release;
		};
		368FB1FB1BF4482100351ADC /* Build configuration list for PBXNativeTarget "ZYXAnimation3D" */ = {
			isa = XCConfigurationList;
			buildConfigurations = (
				368FB1FC1BF4482100351ADC /* Debug */,
				368FB1FD1BF4482100351ADC /* Release */,
			);
			defaultConfigurationIsVisible = 0;
		};
		368FB1FE1BF4482100351ADC /* Build configuration list for PBXNativeTarget "ZYXAnimation3DTests" */ = {
			isa = XCConfigurationList;
			buildConfigurations = (
				368FB1FF1BF4482100351ADC /* Debug */,
				368FB2001BF4482100351ADC /* Release */,
			);
			defaultConfigurationIsVisible = 0;
		};
		368FB2011BF4482100351ADC /* Build configuration list for PBXNativeTarget "ZYXAnimation3DUITests" */ = {
			isa = XCConfigurationList;
			buildConfigurations = (
				368FB2021BF4482100351ADC /* Debug */,
				368FB2031BF4482100351ADC /* Release */,
			);
			defaultConfigurationIsVisible = 0;
		};
/* End XCConfigurationList section */
	};
	rootObject = 368FB1C61BF4482000351ADC /* Project object */;
}
